
Microsoft Visual Studio Solution File, Format Version 12.00
# Visual Studio 15
Project("{FAE04EC0-301F-11D3-BF4B-00C04F79EFBC}") = "AssemblyDefinitionFile", "AssemblyDefinitionFile.csproj", "{F28C76D3-8706-8A62-EFD8-7E12686D08CE}"
EndProject
Project("{FAE04EC0-301F-11D3-BF4B-00C04F79EFBC}") = "PhotonUnityNetworking.Demos", "PhotonUnityNetworking.Demos.csproj", "{C27A1C88-E935-2B7C-D5EC-2D1835966B63}"
EndProject
Project("{FAE04EC0-301F-11D3-BF4B-00C04F79EFBC}") = "PhotonUnityNetworking.Utilities", "PhotonUnityNetworking.Utilities.csproj", "{BB6B5CEB-762F-9C7C-9847-9D919CBC9CBA}"
EndProject
Project("{FAE04EC0-301F-11D3-BF4B-00C04F79EFBC}") = "PhotonUnityNetworking", "PhotonUnityNetworking.csproj", "{455F3326-F2BB-C549-B3BD-8E4DAAB3E92E}"
EndProject
Project("{FAE04EC0-301F-11D3-BF4B-00C04F79EFBC}") = "NavMeshComponents", "NavMeshComponents.csproj", "{4A43A60E-1877-4854-E940-C7BA3C9915F0}"
EndProject
Project("{FAE04EC0-301F-11D3-BF4B-00C04F79EFBC}") = "Behaviour Tests", "Behaviour Tests.csproj", "{D0B6D629-1188-FA42-8E9C-45028DE34AC8}"
EndProject
Project("{FAE04EC0-301F-11D3-BF4B-00C04F79EFBC}") = "PhotonRealtime", "PhotonRealtime.csproj", "{15B300DF-2B38-6299-9BD1-1A3DBB651F63}"
EndProject
Project("{FAE04EC0-301F-11D3-BF4B-00C04F79EFBC}") = "InteractionSystemAssembly", "InteractionSystemAssembly.csproj", "{8CC67922-714D-7844-621A-259188D5CF7A}"
EndProject
Project("{FAE04EC0-301F-11D3-BF4B-00C04F79EFBC}") = "PhotonWebSocket", "PhotonWebSocket.csproj", "{77611889-B745-0206-7EDF-A27533837598}"
EndProject
Project("{FAE04EC0-301F-11D3-BF4B-00C04F79EFBC}") = "NavMeshComponentsEditor", "NavMeshComponentsEditor.csproj", "{384E2830-D773-0955-C978-EF935C3199F1}"
EndProject
Project("{FAE04EC0-301F-11D3-BF4B-00C04F79EFBC}") = "EditMode", "EditMode.csproj", "{D83C7CEB-532F-E16A-2330-D99A305D9518}"
EndProject
Project("{FAE04EC0-301F-11D3-BF4B-00C04F79EFBC}") = "PhotonUnityNetworking.Editor", "PhotonUnityNetworking.Editor.csproj", "{F9C4785A-8EA4-E427-CFC5-372E900B983A}"
EndProject
Project("{FAE04EC0-301F-11D3-BF4B-00C04F79EFBC}") = "PunDemos.DemoHubEditor", "PunDemos.DemoHubEditor.csproj", "{7F8BC2FA-B1A1-1A48-456C-1B804089F2CE}"
EndProject
Project("{FAE04EC0-301F-11D3-BF4B-00C04F79EFBC}") = "PhotonUnityNetworking.Utilities.PhotonPlayer.Editor", "PhotonUnityNetworking.Utilities.PhotonPlayer.Editor.csproj", "{8A79D39C-E0B3-99ED-DE29-89E0151CA7EC}"
EndProject
Project("{FAE04EC0-301F-11D3-BF4B-00C04F79EFBC}") = "PhotonUnityNetworking.Utilities.Culling.Editor", "PhotonUnityNetworking.Utilities.Culling.Editor.csproj", "{B36B4A9F-7831-C608-4DA1-EAD9D60C81D2}"
EndProject
Project("{FAE04EC0-301F-11D3-BF4B-00C04F79EFBC}") = "PunDemos.DemoSlotcarEditor", "PunDemos.DemoSlotcarEditor.csproj", "{C026D834-B01E-B760-AC44-D3D4A134BA8C}"
EndProject
Global
	GlobalSection(SolutionConfigurationPlatforms) = preSolution
		Debug|Any CPU = Debug|Any CPU
		Release|Any CPU = Release|Any CPU
	EndGlobalSection
	GlobalSection(ProjectConfigurationPlatforms) = postSolution
		{F28C76D3-8706-8A62-EFD8-7E12686D08CE}.Debug|Any CPU.ActiveCfg = Debug|Any CPU
		{F28C76D3-8706-8A62-EFD8-7E12686D08CE}.Debug|Any CPU.Build.0 = Debug|Any CPU
		{F28C76D3-8706-8A62-EFD8-7E12686D08CE}.Release|Any CPU.ActiveCfg = Release|Any CPU
		{F28C76D3-8706-8A62-EFD8-7E12686D08CE}.Release|Any CPU.Build.0 = Release|Any CPU
		{C27A1C88-E935-2B7C-D5EC-2D1835966B63}.Debug|Any CPU.ActiveCfg = Debug|Any CPU
		{C27A1C88-E935-2B7C-D5EC-2D1835966B63}.Debug|Any CPU.Build.0 = Debug|Any CPU
		{C27A1C88-E935-2B7C-D5EC-2D1835966B63}.Release|Any CPU.ActiveCfg = Release|Any CPU
		{C27A1C88-E935-2B7C-D5EC-2D1835966B63}.Release|Any CPU.Build.0 = Release|Any CPU
		{BB6B5CEB-762F-9C7C-9847-9D919CBC9CBA}.Debug|Any CPU.ActiveCfg = Debug|Any CPU
		{BB6B5CEB-762F-9C7C-9847-9D919CBC9CBA}.Debug|Any CPU.Build.0 = Debug|Any CPU
		{BB6B5CEB-762F-9C7C-9847-9D919CBC9CBA}.Release|Any CPU.ActiveCfg = Release|Any CPU
		{BB6B5CEB-762F-9C7C-9847-9D919CBC9CBA}.Release|Any CPU.Build.0 = Release|Any CPU
		{455F3326-F2BB-C549-B3BD-8E4DAAB3E92E}.Debug|Any CPU.ActiveCfg = Debug|Any CPU
		{455F3326-F2BB-C549-B3BD-8E4DAAB3E92E}.Debug|Any CPU.Build.0 = Debug|Any CPU
		{455F3326-F2BB-C549-B3BD-8E4DAAB3E92E}.Release|Any CPU.ActiveCfg = Release|Any CPU
		{455F3326-F2BB-C549-B3BD-8E4DAAB3E92E}.Release|Any CPU.Build.0 = Release|Any CPU
		{4A43A60E-1877-4854-E940-C7BA3C9915F0}.Debug|Any CPU.ActiveCfg = Debug|Any CPU
		{4A43A60E-1877-4854-E940-C7BA3C9915F0}.Debug|Any CPU.Build.0 = Debug|Any CPU
		{4A43A60E-1877-4854-E940-C7BA3C9915F0}.Release|Any CPU.ActiveCfg = Release|Any CPU
		{4A43A60E-1877-4854-E940-C7BA3C9915F0}.Release|Any CPU.Build.0 = Release|Any CPU
		{D0B6D629-1188-FA42-8E9C-45028DE34AC8}.Debug|Any CPU.ActiveCfg = Debug|Any CPU
		{D0B6D629-1188-FA42-8E9C-45028DE34AC8}.Debug|Any CPU.Build.0 = Debug|Any CPU
		{D0B6D629-1188-FA42-8E9C-45028DE34AC8}.Release|Any CPU.ActiveCfg = Release|Any CPU
		{D0B6D629-1188-FA42-8E9C-45028DE34AC8}.Release|Any CPU.Build.0 = Release|Any CPU
		{15B300DF-2B38-6299-9BD1-1A3DBB651F63}.Debug|Any CPU.ActiveCfg = Debug|Any CPU
		{15B300DF-2B38-6299-9BD1-1A3DBB651F63}.Debug|Any CPU.Build.0 = Debug|Any CPU
		{15B300DF-2B38-6299-9BD1-1A3DBB651F63}.Release|Any CPU.ActiveCfg = Release|Any CPU
		{15B300DF-2B38-6299-9BD1-1A3DBB651F63}.Release|Any CPU.Build.0 = Release|Any CPU
		{8CC67922-714D-7844-621A-259188D5CF7A}.Debug|Any CPU.ActiveCfg = Debug|Any CPU
		{8CC67922-714D-7844-621A-259188D5CF7A}.Debug|Any CPU.Build.0 = Debug|Any CPU
		{8CC67922-714D-7844-621A-259188D5CF7A}.Release|Any CPU.ActiveCfg = Release|Any CPU
		{8CC67922-714D-7844-621A-259188D5CF7A}.Release|Any CPU.Build.0 = Release|Any CPU
		{77611889-B745-0206-7EDF-A27533837598}.Debug|Any CPU.ActiveCfg = Debug|Any CPU
		{77611889-B745-0206-7EDF-A27533837598}.Debug|Any CPU.Build.0 = Debug|Any CPU
		{77611889-B745-0206-7EDF-A27533837598}.Release|Any CPU.ActiveCfg = Release|Any CPU
		{77611889-B745-0206-7EDF-A27533837598}.Release|Any CPU.Build.0 = Release|Any CPU
		{384E2830-D773-0955-C978-EF935C3199F1}.Debug|Any CPU.ActiveCfg = Debug|Any CPU
		{384E2830-D773-0955-C978-EF935C3199F1}.Debug|Any CPU.Build.0 = Debug|Any CPU
		{384E2830-D773-0955-C978-EF935C3199F1}.Release|Any CPU.ActiveCfg = Release|Any CPU
		{384E2830-D773-0955-C978-EF935C3199F1}.Release|Any CPU.Build.0 = Release|Any CPU
		{D83C7CEB-532F-E16A-2330-D99A305D9518}.Debug|Any CPU.ActiveCfg = Debug|Any CPU
		{D83C7CEB-532F-E16A-2330-D99A305D9518}.Debug|Any CPU.Build.0 = Debug|Any CPU
		{D83C7CEB-532F-E16A-2330-D99A305D9518}.Release|Any CPU.ActiveCfg = Release|Any CPU
		{D83C7CEB-532F-E16A-2330-D99A305D9518}.Release|Any CPU.Build.0 = Release|Any CPU
		{F9C4785A-8EA4-E427-CFC5-372E900B983A}.Debug|Any CPU.ActiveCfg = Debug|Any CPU
		{F9C4785A-8EA4-E427-CFC5-372E900B983A}.Debug|Any CPU.Build.0 = Debug|Any CPU
		{F9C4785A-8EA4-E427-CFC5-372E900B983A}.Release|Any CPU.ActiveCfg = Release|Any CPU
		{F9C4785A-8EA4-E427-CFC5-372E900B983A}.Release|Any CPU.Build.0 = Release|Any CPU
		{7F8BC2FA-B1A1-1A48-456C-1B804089F2CE}.Debug|Any CPU.ActiveCfg = Debug|Any CPU
		{7F8BC2FA-B1A1-1A48-456C-1B804089F2CE}.Debug|Any CPU.Build.0 = Debug|Any CPU
		{7F8BC2FA-B1A1-1A48-456C-1B804089F2CE}.Release|Any CPU.ActiveCfg = Release|Any CPU
		{7F8BC2FA-B1A1-1A48-456C-1B804089F2CE}.Release|Any CPU.Build.0 = Release|Any CPU
		{8A79D39C-E0B3-99ED-DE29-89E0151CA7EC}.Debug|Any CPU.ActiveCfg = Debug|Any CPU
		{8A79D39C-E0B3-99ED-DE29-89E0151CA7EC}.Debug|Any CPU.Build.0 = Debug|Any CPU
		{8A79D39C-E0B3-99ED-DE29-89E0151CA7EC}.Release|Any CPU.ActiveCfg = Release|Any CPU
		{8A79D39C-E0B3-99ED-DE29-89E0151CA7EC}.Release|Any CPU.Build.0 = Release|Any CPU
		{B36B4A9F-7831-C608-4DA1-EAD9D60C81D2}.Debug|Any CPU.ActiveCfg = Debug|Any CPU
		{B36B4A9F-7831-C608-4DA1-EAD9D60C81D2}.Debug|Any CPU.Build.0 = Debug|Any CPU
		{B36B4A9F-7831-C608-4DA1-EAD9D60C81D2}.Release|Any CPU.ActiveCfg = Release|Any CPU
		{B36B4A9F-7831-C608-4DA1-EAD9D60C81D2}.Release|Any CPU.Build.0 = Release|Any CPU
		{C026D834-B01E-B760-AC44-D3D4A134BA8C}.Debug|Any CPU.ActiveCfg = Debug|Any CPU
		{C026D834-B01E-B760-AC44-D3D4A134BA8C}.Debug|Any CPU.Build.0 = Debug|Any CPU
		{C026D834-B01E-B760-AC44-D3D4A134BA8C}.Release|Any CPU.ActiveCfg = Release|Any CPU
		{C026D834-B01E-B760-AC44-D3D4A134BA8C}.Release|Any CPU.Build.0 = Release|Any CPU
	EndGlobalSection
	GlobalSection(SolutionProperties) = preSolution
		HideSolutionNode = FALSE
	EndGlobalSection
EndGlobal
